// !$*UTF8*$!
{
	archiveVersion = 1;
	classes = {
	};
	objectVersion = 48;
	objects = {

/* Begin PBXBuildFile section */
		74475ED72001F514000B4F39 /* AppDelegate.swift in Sources */ = {isa = PBXBuildFile; fileRef = 74475ED62001F514000B4F39 /* AppDelegate.swift */; };
		74475ED92001F514000B4F39 /* MyToDoViewController.swift in Sources */ = {isa = PBXBuildFile; fileRef = 74475ED82001F514000B4F39 /* MyToDoViewController.swift */; };
		74475EDC2001F514000B4F39 /* Main.storyboard in Resources */ = {isa = PBXBuildFile; fileRef = 74475EDA2001F514000B4F39 /* Main.storyboard */; };
		74475EDE2001F514000B4F39 /* Assets.xcassets in Resources */ = {isa = PBXBuildFile; fileRef = 74475EDD2001F514000B4F39 /* Assets.xcassets */; };
		74475EE12001F514000B4F39 /* LaunchScreen.storyboard in Resources */ = {isa = PBXBuildFile; fileRef = 74475EDF2001F514000B4F39 /* LaunchScreen.storyboard */; };
		74475EE92002080B000B4F39 /* Item.swift in Sources */ = {isa = PBXBuildFile; fileRef = 74475EE82002080B000B4F39 /* Item.swift */; };
/* End PBXBuildFile section */

/* Begin PBXFileReference section */
		74475ED32001F514000B4F39 /* MyToDo.app */ = {isa = PBXFileReference; explicitFileType = wrapper.application; includeInIndex = 0; path = MyToDo.app; sourceTree = BUILT_PRODUCTS_DIR; };
		74475ED62001F514000B4F39 /* AppDelegate.swift */ = {isa = PBXFileReference; lastKnownFileType = sourcecode.swift; path = AppDelegate.swift; sourceTree = "<group>"; };
		74475ED82001F514000B4F39 /* MyToDoViewController.swift */ = {isa = PBXFileReference; lastKnownFileType = sourcecode.swift; path = MyToDoViewController.swift; sourceTree = "<group>"; };
		74475EDB2001F514000B4F39 /* Base */ = {isa = PBXFileReference; lastKnownFileType = file.storyboard; name = Base; path = Base.lproj/Main.storyboard; sourceTree = "<group>"; };
		74475EDD2001F514000B4F39 /* Assets.xcassets */ = {isa = PBXFileReference; lastKnownFileType = folder.assetcatalog; path = Assets.xcassets; sourceTree = "<group>"; };
		74475EE02001F514000B4F39 /* Base */ = {isa = PBXFileReference; lastKnownFileType = file.storyboard; name = Base; path = Base.lproj/LaunchScreen.storyboard; sourceTree = "<group>"; };
		74475EE22001F514000B4F39 /* Info.plist */ = {isa = PBXFileReference; lastKnownFileType = text.plist.xml; path = Info.plist; sourceTree = "<group>"; };
		74475EE82002080B000B4F39 /* Item.swift */ = {isa = PBXFileReference; lastKnownFileType = sourcecode.swift; path = Item.swift; sourceTree = "<group>"; };
/* End PBXFileReference section */

/* Begin PBXFrameworksBuildPhase section */
		74475ED02001F514000B4F39 /* Frameworks */ = {
			isa = PBXFrameworksBuildPhase;
			buildActionMask = 2147483647;
			files = (
			);
			runOnlyForDeploymentPostprocessing = 0;
		};
/* End PBXFrameworksBuildPhase section */

/* Begin PBXGroup section */
		74475ECA2001F514000B4F39 = {
			isa = PBXGroup;
			children = (
				74475ED52001F514000B4F39 /* MyToDo */,
				74475ED42001F514000B4F39 /* Products */,
			);
			sourceTree = "<group>";
		};
		74475ED42001F514000B4F39 /* Products */ = {
			isa = PBXGroup;
			children = (
				74475ED32001F514000B4F39 /* MyToDo.app */,
			);
			name = Products;
			sourceTree = "<group>";
		};
		74475ED52001F514000B4F39 /* MyToDo */ = {
			isa = PBXGroup;
			children = (
				74475ED62001F514000B4F39 /* AppDelegate.swift */,
				74475EEC20020F11000B4F39 /* Model */,
				74475EEB20020F0B000B4F39 /* View */,
				74475EEA20020F02000B4F39 /* Controller */,
				74475EEF20020F52000B4F39 /* SupportingFiles */,
				74475EE22001F514000B4F39 /* Info.plist */,
				74475EDD2001F514000B4F39 /* Assets.xcassets */,
				74475EDF2001F514000B4F39 /* LaunchScreen.storyboard */,
			);
			path = MyToDo;
			sourceTree = "<group>";
		};
		74475EEA20020F02000B4F39 /* Controller */ = {
			isa = PBXGroup;
			children = (
				74475ED82001F514000B4F39 /* MyToDoViewController.swift */,
			);
			path = Controller;
			sourceTree = "<group>";
		};
		74475EEB20020F0B000B4F39 /* View */ = {
			isa = PBXGroup;
			children = (
				74475EDA2001F514000B4F39 /* Main.storyboard */,
			);
			path = View;
			sourceTree = "<group>";
		};
		74475EEC20020F11000B4F39 /* Model */ = {
			isa = PBXGroup;
			children = (
				74475EE82002080B000B4F39 /* Item.swift */,
			);
			name = Model;
			path = "New Group";
			sourceTree = "<group>";
		};
		74475EEF20020F52000B4F39 /* SupportingFiles */ = {
			isa = PBXGroup;
			children = (
			);
			path = SupportingFiles;
			sourceTree = "<group>";
		};
/* End PBXGroup section */

/* Begin PBXNativeTarget section */
		74475ED22001F514000B4F39 /* MyToDo */ = {
			isa = PBXNativeTarget;
			buildConfigurationList = 74475EE52001F514000B4F39 /* Build configuration list for PBXNativeTarget "MyToDo" */;
			buildPhases = (
				74475ECF2001F514000B4F39 /* Sources */,
				74475ED02001F514000B4F39 /* Frameworks */,
				74475ED12001F514000B4F39 /* Resources */,
			);
			buildRules = (
			);
			dependencies = (
			);
			name = MyToDo;
			productName = MyToDo;
			productReference = 74475ED32001F514000B4F39 /* MyToDo.app */;
			productType = "com.apple.product-type.application";
		};
/* End PBXNativeTarget section */

/* Begin PBXProject section */
		74475ECB2001F514000B4F39 /* Project object */ = {
			isa = PBXProject;
			attributes = {
				LastSwiftUpdateCheck = 0920;
				LastUpgradeCheck = 0920;
				ORGANIZATIONNAME = KoppoluSaiPratap;
				TargetAttributes = {
					74475ED22001F514000B4F39 = {
						CreatedOnToolsVersion = 9.2;
						ProvisioningStyle = Manual;
					};
				};
			};
			buildConfigurationList = 74475ECE2001F514000B4F39 /* Build configuration list for PBXProject "MyToDo" */;
			compatibilityVersion = "Xcode 8.0";
			developmentRegion = en;
			hasScannedForEncodings = 0;
			knownRegions = (
				en,
				Base,
			);
			mainGroup = 74475ECA2001F514000B4F39;
			productRefGroup = 74475ED42001F514000B4F39 /* Products */;
			projectDirPath = "";
			projectRoot = "";
			targets = (
				74475ED22001F514000B4F39 /* MyToDo */,
			);
		};
/* End PBXProject section */

/* Begin PBXResourcesBuildPhase section */
		74475ED12001F514000B4F39 /* Resources */ = {
			isa = PBXResourcesBuildPhase;
			buildActionMask = 2147483647;
			files = (
				74475EE12001F514000B4F39 /* LaunchScreen.storyboard in Resources */,
				74475EDE2001F514000B4F39 /* Assets.xcassets in Resources */,
				74475EDC2001F514000B4F39 /* Main.storyboard in Resources */,
			);
			runOnlyForDeploymentPostprocessing = 0;
		};
/* End PBXResourcesBuildPhase section */

/* Begin PBXSourcesBuildPhase section */
		74475ECF2001F514000B4F39 /* Sources */ = {
			isa = PBXSourcesBuildPhase;
			buildActionMask = 2147483647;
			files = (
				74475ED92001F514000B4F39 /* MyToDoViewController.swift in Sources */,
				74475EE92002080B000B4F39 /* Item.swift in Sources */,
				74475ED72001F514000B4F39 /* AppDelegate.swift in Sources */,
			);
			runOnlyForDeploymentPostprocessing = 0;
		};
/* End PBXSourcesBuildPhase section */

/* Begin PBXVariantGroup section */
		74475EDA2001F514000B4F39 /* Main.storyboard */ = {
			isa = PBXVariantGroup;
			children = (
				74475EDB2001F514000B4F39 /* Base */,
			);
			name = Main.storyboard;
			sourceTree = "<group>";
		};
		74475EDF2001F514000B4F39 /* LaunchScreen.storyboard */ = {
			isa = PBXVariantGroup;
			children = (
				74475EE02001F514000B4F39 /* Base */,
			);
			name = LaunchScreen.storyboard;
			sourceTree = "<group>";
		};
/* End PBXVariantGroup section */

/* Begin XCBuildConfiguration section */
		74475EE32001F514000B4F39 /* Debug */ = {
			isa = XCBuildConfiguration;
			buildSettings = {
				ALWAYS_SEARCH_USER_PATHS = NO;
				CLANG_ANALYZER_NONNULL = YES;
				CLANG_ANALYZER_NUMBER_OBJECT_CONVERSION = YES_AGGRESSIVE;
				CLANG_CXX_LANGUAGE_STANDARD = "gnu++14";
				CLANG_CXX_LIBRARY = "libc++";
				CLANG_ENABLE_MODULES = YES;
				CLANG_ENABLE_OBJC_ARC = YES;
				CLANG_WARN_BLOCK_CAPTURE_AUTORELEASING = YES;
				CLANG_WARN_BOOL_CONVERSION = YES;
				CLANG_WARN_COMMA = YES;
				CLANG_WARN_CONSTANT_CONVERSION = YES;
				CLANG_WARN_DIRECT_OBJC_ISA_USAGE = YES_ERROR;
				CLANG_WARN_DOCUMENTATION_COMMENTS = YES;
				CLANG_WARN_EMPTY_BODY = YES;
				CLANG_WARN_ENUM_CONVERSION = YES;
				CLANG_WARN_INFINITE_RECURSION = YES;
				CLANG_WARN_INT_CONVERSION = YES;
				CLANG_WARN_NON_LITERAL_NULL_CONVERSION = YES;
				CLANG_WARN_OBJC_LITERAL_CONVERSION = YES;
				CLANG_WARN_OBJC_ROOT_CLASS = YES_ERROR;
				CLANG_WARN_RANGE_LOOP_ANALYSIS = YES;
				CLANG_WARN_STRICT_PROTOTYPES = YES;
				CLANG_WARN_SUSPICIOUS_MOVE = YES;
				CLANG_WARN_UNGUARDED_AVAILABILITY = YES_AGGRESSIVE;
				CLANG_WARN_UNREACHABLE_CODE = YES;
				CLANG_WARN__DUPLICATE_METHOD_MATCH = YES;
				CODE_SIGN_IDENTITY = "iPhone Developer";
				COPY_PHASE_STRIP = NO;
				DEBUG_INFORMATION_FORMAT = dwarf;
				ENABLE_STRICT_OBJC_MSGSEND = YES;
				ENABLE_TESTABILITY = YES;
				GCC_C_LANGUAGE_STANDARD = gnu11;
				GCC_DYNAMIC_NO_PIC = NO;
				GCC_NO_COMMON_BLOCKS = YES;
				GCC_OPTIMIZATION_LEVEL = 0;
				GCC_PREPROCESSOR_DEFINITIONS = (
					"DEBUG=1",
					"$(inherited)",
				);
				GCC_WARN_64_TO_32_BIT_CONVERSION = YES;
				GCC_WARN_ABOUT_RETURN_TYPE = YES_ERROR;
				GCC_WARN_UNDECLARED_SELECTOR = YES;
				GCC_WARN_UNINITIALIZED_AUTOS = YES_AGGRESSIVE;
				GCC_WARN_UNUSED_FUNCTION = YES;
				GCC_WARN_UNUSED_VARIABLE = YES;
				IPHONEOS_DEPLOYMENT_TARGET = 11.2;
				MTL_ENABLE_DEBUG_INFO = YES;
				ONLY_ACTIVE_ARCH = YES;
				SDKROOT = iphoneos;
				SWIFT_ACTIVE_COMPILATION_CONDITIONS = DEBUG;
				SWIFT_OPTIMIZATION_LEVEL = "-Onone";
			};
			name = Debug;
		};
		74475EE42001F514000B4F39 /* Release */ = {
			isa = XCBuildConfiguration;
			buildSettings = {
				ALWAYS_SEARCH_USER_PATHS = NO;
				CLANG_ANALYZER_NONNULL = YES;
				CLANG_ANALYZER_NUMBER_OBJECT_CONVERSION = YES_AGGRESSIVE;
				CLANG_CXX_LANGUAGE_STANDARD = "gnu++14";
				CLANG_CXX_LIBRARY = "libc++";
				CLANG_ENABLE_MODULES = YES;
				CLANG_ENABLE_OBJC_ARC = YES;
				CLANG_WARN_BLOCK_CAPTURE_AUTORELEASING = YES;
				CLANG_WARN_BOOL_CONVERSION = YES;
				CLANG_WARN_COMMA = YES;
				CLANG_WARN_CONSTANT_CONVERSION = YES;
				CLANG_WARN_DIRECT_OBJC_ISA_USAGE = YES_ERROR;
				CLANG_WARN_DOCUMENTATION_COMMENTS = YES;
				CLANG_WARN_EMPTY_BODY = YES;
				CLANG_WARN_ENUM_CONVERSION = YES;
				CLANG_WARN_INFINITE_RECURSION = YES;
				CLANG_WARN_INT_CONVERSION = YES;
				CLANG_WARN_NON_LITERAL_NULL_CONVERSION = YES;
				CLANG_WARN_OBJC_LITERAL_CONVERSION = YES;
				CLANG_WARN_OBJC_ROOT_CLASS = YES_ERROR;
				CLANG_WARN_RANGE_LOOP_ANALYSIS = YES;
				CLANG_WARN_STRICT_PROTOTYPES = YES;
				CLANG_WARN_SUSPICIOUS_MOVE = YES;
				CLANG_WARN_UNGUARDED_AVAILABILITY = YES_AGGRESSIVE;
				CLANG_WARN_UNREACHABLE_CODE = YES;
				CLANG_WARN__DUPLICATE_METHOD_MATCH = YES;
				CODE_SIGN_IDENTITY = "iPhone Developer";
				COPY_PHASE_STRIP = NO;
				DEBUG_INFORMATION_FORMAT = "dwarf-with-dsym";
				ENABLE_NS_ASSERTIONS = NO;
				ENABLE_STRICT_OBJC_MSGSEND = YES;
				GCC_C_LANGUAGE_STANDARD = gnu11;
				GCC_NO_COMMON_BLOCKS = YES;
				GCC_WARN_64_TO_32_BIT_CONVERSION = YES;
				GCC_WARN_ABOUT_RETURN_TYPE = YES_ERROR;
				GCC_WARN_UNDECLARED_SELECTOR = YES;
				GCC_WARN_UNINITIALIZED_AUTOS = YES_AGGRESSIVE;
				GCC_WARN_UNUSED_FUNCTION = YES;
				GCC_WARN_UNUSED_VARIABLE = YES;
				IPHONEOS_DEPLOYMENT_TARGET = 11.2;
				MTL_ENABLE_DEBUG_INFO = NO;
				SDKROOT = iphoneos;
				SWIFT_OPTIMIZATION_LEVEL = "-Owholemodule";
				VALIDATE_PRODUCT = YES;
			};
			name = Release;
		};
		74475EE62001F514000B4F39 /* Debug */ = {
			isa = XCBuildConfiguration;
			buildSettings = {
				ASSETCATALOG_COMPILER_APPICON_NAME = AppIcon;
				CODE_SIGN_STYLE = Manual;
				DEVELOPMENT_TEAM = "";
				INFOPLIST_FILE = MyToDo/Info.plist;
				LD_RUNPATH_SEARCH_PATHS = "$(inherited) @executable_path/Frameworks";
				PRODUCT_BUNDLE_IDENTIFIER = com.KSP.MyToDo;
				PRODUCT_NAME = "$(TARGET_NAME)";
				PROVISIONING_PROFILE_SPECIFIER = "";
				SWIFT_VERSION = 4.0;
				TARGETED_DEVICE_FAMILY = "1,2";
			};
			name = Debug;
		};
		74475EE72001F514000B4F39 /* Release */ = {
			isa = XCBuildConfiguration;
			buildSettings = {
				ASSETCATALOG_COMPILER_APPICON_NAME = AppIcon;
				CODE_SIGN_STYLE = Manual;
				DEVELOPMENT_TEAM = "";
				INFOPLIST_FILE = MyToDo/Info.plist;
				LD_RUNPATH_SEARCH_PATHS = "$(inherited) @executable_path/Frameworks";
				PRODUCT_BUNDLE_IDENTIFIER = com.KSP.MyToDo;
				PRODUCT_NAME = "$(TARGET_NAME)";
				PROVISIONING_PROFILE_SPECIFIER = "";
				SWIFT_VERSION = 4.0;
				TARGETED_DEVICE_FAMILY = "1,2";
			};
			name = Release;
		};
/* End XCBuildConfiguration section */

/* Begin XCConfigurationList section */
		74475ECE2001F514000B4F39 /* Build configuration list for PBXProject "MyToDo" */ = {
			isa = XCConfigurationList;
			buildConfigurations = (
				74475EE32001F514000B4F39 /* Debug */,
				74475EE42001F514000B4F39 /* Release */,
			);
			defaultConfigurationIsVisible = 0;
			defaultConfigurationName = Release;
		};
		74475EE52001F514000B4F39 /* Build configuration list for PBXNativeTarget "MyToDo" */ = {
			isa = XCConfigurationList;
			buildConfigurations = (
				74475EE62001F514000B4F39 /* Debug */,
				74475EE72001F514000B4F39 /* Release */,
			);
			defaultConfigurationIsVisible = 0;
			defaultConfigurationName = Release;
		};
/* End XCConfigurationList section */
	};
	rootObject = 74475ECB2001F514000B4F39 /* Project object */;
}
